{
    "_meta": {
        "hash": {
            "sha256": "0000000000000000000000000000000000000000000000000000000000000000"
        },
        "pipfile-spec": 6,
        "requires": {
            "python_version": "3.12"
        },
        "sources": [
            {
                "name": "pypi",
                "url": "https://pypi.org",
                "verify_ssl": true
            }
        ]
    },
    "default": {},
    "develop": {}
}
